
Microsoft Visual Studio Solution File, Format Version 12.00
# Visual Studio Version 17
VisualStudioVersion = 17.0.31903.59
MinimumVisualStudioVersion = 10.0.40219.1
Project("{FAE04EC0-301F-11D3-BF4B-00C04F79EFBC}") = "Guess.Domain", "Guess.Domain\Guess.Domain.csproj", "{413C21E8-BA26-4494-AC47-6B1D2E8ED9F4}"
EndProject
Project("{FAE04EC0-301F-11D3-BF4B-00C04F79EFBC}") = "Guess.Application", "Guess.Application\Guess.Application.csproj", "{B3DF710E-4007-43E4-9EAA-F214E78B9126}"
EndProject
Project("{FAE04EC0-301F-11D3-BF4B-00C04F79EFBC}") = "Guess.Infrastructure", "Guess.Infrastructure\Guess.Infrastructure.csproj", "{267BC186-CD86-4634-9ECB-083C99601C01}"
EndProject
Project("{FAE04EC0-301F-11D3-BF4B-00C04F79EFBC}") = "Guess.Api", "Guess.Api\Guess.Api.csproj", "{8ADE4877-A3D6-43DE-8EFD-005BDB0CA5D1}"
EndProject
Global
	GlobalSection(SolutionConfigurationPlatforms) = preSolution
		Debug|Any CPU = Debug|Any CPU
		Debug|x64 = Debug|x64
		Debug|x86 = Debug|x86
		Release|Any CPU = Release|Any CPU
		Release|x64 = Release|x64
		Release|x86 = Release|x86
	EndGlobalSection
	GlobalSection(ProjectConfigurationPlatforms) = postSolution
		{413C21E8-BA26-4494-AC47-6B1D2E8ED9F4}.Debug|Any CPU.ActiveCfg = Debug|Any CPU
		{413C21E8-BA26-4494-AC47-6B1D2E8ED9F4}.Debug|Any CPU.Build.0 = Debug|Any CPU
		{413C21E8-BA26-4494-AC47-6B1D2E8ED9F4}.Debug|x64.ActiveCfg = Debug|Any CPU
		{413C21E8-BA26-4494-AC47-6B1D2E8ED9F4}.Debug|x64.Build.0 = Debug|Any CPU
		{413C21E8-BA26-4494-AC47-6B1D2E8ED9F4}.Debug|x86.ActiveCfg = Debug|Any CPU
		{413C21E8-BA26-4494-AC47-6B1D2E8ED9F4}.Debug|x86.Build.0 = Debug|Any CPU
		{413C21E8-BA26-4494-AC47-6B1D2E8ED9F4}.Release|Any CPU.ActiveCfg = Release|Any CPU
		{413C21E8-BA26-4494-AC47-6B1D2E8ED9F4}.Release|Any CPU.Build.0 = Release|Any CPU
		{413C21E8-BA26-4494-AC47-6B1D2E8ED9F4}.Release|x64.ActiveCfg = Release|Any CPU
		{413C21E8-BA26-4494-AC47-6B1D2E8ED9F4}.Release|x64.Build.0 = Release|Any CPU
		{413C21E8-BA26-4494-AC47-6B1D2E8ED9F4}.Release|x86.ActiveCfg = Release|Any CPU
		{413C21E8-BA26-4494-AC47-6B1D2E8ED9F4}.Release|x86.Build.0 = Release|Any CPU
		{B3DF710E-4007-43E4-9EAA-F214E78B9126}.Debug|Any CPU.ActiveCfg = Debug|Any CPU
		{B3DF710E-4007-43E4-9EAA-F214E78B9126}.Debug|Any CPU.Build.0 = Debug|Any CPU
		{B3DF710E-4007-43E4-9EAA-F214E78B9126}.Debug|x64.ActiveCfg = Debug|Any CPU
		{B3DF710E-4007-43E4-9EAA-F214E78B9126}.Debug|x64.Build.0 = Debug|Any CPU
		{B3DF710E-4007-43E4-9EAA-F214E78B9126}.Debug|x86.ActiveCfg = Debug|Any CPU
		{B3DF710E-4007-43E4-9EAA-F214E78B9126}.Debug|x86.Build.0 = Debug|Any CPU
		{B3DF710E-4007-43E4-9EAA-F214E78B9126}.Release|Any CPU.ActiveCfg = Release|Any CPU
		{B3DF710E-4007-43E4-9EAA-F214E78B9126}.Release|Any CPU.Build.0 = Release|Any CPU
		{B3DF710E-4007-43E4-9EAA-F214E78B9126}.Release|x64.ActiveCfg = Release|Any CPU
		{B3DF710E-4007-43E4-9EAA-F214E78B9126}.Release|x64.Build.0 = Release|Any CPU
		{B3DF710E-4007-43E4-9EAA-F214E78B9126}.Release|x86.ActiveCfg = Release|Any CPU
		{B3DF710E-4007-43E4-9EAA-F214E78B9126}.Release|x86.Build.0 = Release|Any CPU
		{267BC186-CD86-4634-9ECB-083C99601C01}.Debug|Any CPU.ActiveCfg = Debug|Any CPU
		{267BC186-CD86-4634-9ECB-083C99601C01}.Debug|Any CPU.Build.0 = Debug|Any CPU
		{267BC186-CD86-4634-9ECB-083C99601C01}.Debug|x64.ActiveCfg = Debug|Any CPU
		{267BC186-CD86-4634-9ECB-083C99601C01}.Debug|x64.Build.0 = Debug|Any CPU
		{267BC186-CD86-4634-9ECB-083C99601C01}.Debug|x86.ActiveCfg = Debug|Any CPU
		{267BC186-CD86-4634-9ECB-083C99601C01}.Debug|x86.Build.0 = Debug|Any CPU
		{267BC186-CD86-4634-9ECB-083C99601C01}.Release|Any CPU.ActiveCfg = Release|Any CPU
		{267BC186-CD86-4634-9ECB-083C99601C01}.Release|Any CPU.Build.0 = Release|Any CPU
		{267BC186-CD86-4634-9ECB-083C99601C01}.Release|x64.ActiveCfg = Release|Any CPU
		{267BC186-CD86-4634-9ECB-083C99601C01}.Release|x64.Build.0 = Release|Any CPU
		{267BC186-CD86-4634-9ECB-083C99601C01}.Release|x86.ActiveCfg = Release|Any CPU
		{267BC186-CD86-4634-9ECB-083C99601C01}.Release|x86.Build.0 = Release|Any CPU
		{8ADE4877-A3D6-43DE-8EFD-005BDB0CA5D1}.Debug|Any CPU.ActiveCfg = Debug|Any CPU
		{8ADE4877-A3D6-43DE-8EFD-005BDB0CA5D1}.Debug|Any CPU.Build.0 = Debug|Any CPU
		{8ADE4877-A3D6-43DE-8EFD-005BDB0CA5D1}.Debug|x64.ActiveCfg = Debug|Any CPU
		{8ADE4877-A3D6-43DE-8EFD-005BDB0CA5D1}.Debug|x64.Build.0 = Debug|Any CPU
		{8ADE4877-A3D6-43DE-8EFD-005BDB0CA5D1}.Debug|x86.ActiveCfg = Debug|Any CPU
		{8ADE4877-A3D6-43DE-8EFD-005BDB0CA5D1}.Debug|x86.Build.0 = Debug|Any CPU
		{8ADE4877-A3D6-43DE-8EFD-005BDB0CA5D1}.Release|Any CPU.ActiveCfg = Release|Any CPU
		{8ADE4877-A3D6-43DE-8EFD-005BDB0CA5D1}.Release|Any CPU.Build.0 = Release|Any CPU
		{8ADE4877-A3D6-43DE-8EFD-005BDB0CA5D1}.Release|x64.ActiveCfg = Release|Any CPU
		{8ADE4877-A3D6-43DE-8EFD-005BDB0CA5D1}.Release|x64.Build.0 = Release|Any CPU
		{8ADE4877-A3D6-43DE-8EFD-005BDB0CA5D1}.Release|x86.ActiveCfg = Release|Any CPU
		{8ADE4877-A3D6-43DE-8EFD-005BDB0CA5D1}.Release|x86.Build.0 = Release|Any CPU
	EndGlobalSection
	GlobalSection(SolutionProperties) = preSolution
		HideSolutionNode = FALSE
	EndGlobalSection
EndGlobal
